
Microsoft Visual Studio Solution File, Format Version 12.00
# Visual Studio 2012
Project("{8BC9CEB8-8B4A-11D0-8D11-00A0C91BC942}") = "Lab2Project", "Lab2Project\Lab2Project.vcxproj", "{9808531E-3E33-466E-89B7-A4C3F813E966}"
EndProject
Global
	GlobalSection(SolutionConfigurationPlatforms) = preSolution
		Debug|Win32 = Debug|Win32
		Release|Win32 = Release|Win32
	EndGlobalSection
	GlobalSection(ProjectConfigurationPlatforms) = postSolution
		{9808531E-3E33-466E-89B7-A4C3F813E966}.Debug|Win32.ActiveCfg = Debug|Win32
		{9808531E-3E33-466E-89B7-A4C3F813E966}.Debug|Win32.Build.0 = Debug|Win32
		{9808531E-3E33-466E-89B7-A4C3F813E966}.Release|Win32.ActiveCfg = Release|Win32
		{9808531E-3E33-466E-89B7-A4C3F813E966}.Release|Win32.Build.0 = Release|Win32
	EndGlobalSection
	GlobalSection(SolutionProperties) = preSolution
		HideSolutionNode = FALSE
	EndGlobalSection
EndGlobal
